
Microsoft Visual Studio Solution File, Format Version 12.00
# Visual Studio Version 16
VisualStudioVersion = 16.0.30204.135
MinimumVisualStudioVersion = 10.0.40219.1
Project("{FAE04EC0-301F-11D3-BF4B-00C04F79EFBC}") = "CodyDocsFromScratch", "CodyDocsFromScratch\CodyDocsFromScratch.csproj", "{763D68AD-989D-4C25-83E2-6DE3627DF7D4}"
EndProject
Global
	GlobalSection(SolutionConfigurationPlatforms) = preSolution
		Debug|Any CPU = Debug|Any CPU
		Release|Any CPU = Release|Any CPU
	EndGlobalSection
	GlobalSection(ProjectConfigurationPlatforms) = postSolution
		{763D68AD-989D-4C25-83E2-6DE3627DF7D4}.Debug|Any CPU.ActiveCfg = Debug|Any CPU
		{763D68AD-989D-4C25-83E2-6DE3627DF7D4}.Debug|Any CPU.Build.0 = Debug|Any CPU
		{763D68AD-989D-4C25-83E2-6DE3627DF7D4}.Release|Any CPU.ActiveCfg = Release|Any CPU
		{763D68AD-989D-4C25-83E2-6DE3627DF7D4}.Release|Any CPU.Build.0 = Release|Any CPU
	EndGlobalSection
	GlobalSection(SolutionProperties) = preSolution
		HideSolutionNode = FALSE
	EndGlobalSection
	GlobalSection(ExtensibilityGlobals) = postSolution
		SolutionGuid = {B81C1481-129F-4C87-B6D8-8D9BA6EE9CB6}
	EndGlobalSection
EndGlobal
